PODS:
  - Flutter (1.0.0)
  - photo_manager (0.0.1):
    - Flutter
  - video_player (0.0.1):
    - Flutter

DEPENDENCIES:
  - Flutter (from `Flutter`)
  - photo_manager (from `/Users/caijinglong/Documents/GitHub/flutter_photo_manager/ios/photo_manager.podspec`)
  - "video_player (from `/Users/caijinglong/.pub-cache/hosted/pub.flutter-io.cn/video_player-0.10.2+5/ios/video_player.podspec`)"

EXTERNAL SOURCES:
  Flutter:
    :path: Flutter
  photo_manager:
    :path: "/Users/caijinglong/Documents/GitHub/flutter_photo_manager/ios/photo_manager.podspec"
  video_player:
    :path: "/Users/caijinglong/.pub-cache/hosted/pub.flutter-io.cn/video_player-0.10.2+5/ios/video_player.podspec"

SPEC CHECKSUMS:
  Flutter: 0e3d915762c693b495b44d77113d4970485de6ec
  photo_manager: f7c619c2cc8c2adb8d85c63363babac477de9c67
  video_player: 69c5f029fac4ffe4fc8a85ea7f7b793709661549

PODFILE CHECKSUM: 4d8d59437a9bee20e84f185bba22b518812142d3

COCOAPODS: 1.8.4
