PODS:
  - FlutterMacOS (2.2.2)
  - path_provider_macos (0.0.1):
    - FlutterMacOS
  - photo_manager (1.0.0):
    - Flutter
    - FlutterMacOS

DEPENDENCIES:
  - path_provider_macos (from `/Users/alex/Documents/flutter-stable/.pub-cache/hosted/pub.flutter-io.cn/path_provider_macos-2.0.2//macos/path_provider_macos.podspec`)
  - photo_manager (from `/Volumes/T5/FlutterProjects/flutter_photo_manager//macos/photo_manager.podspec`)

SPEC REPOS:
  trunk:
    - FlutterMacOS

EXTERNAL SOURCES:
  path_provider_macos:
    :path: "/Users/alex/Documents/flutter-stable/.pub-cache/hosted/pub.flutter-io.cn/path_provider_macos-2.0.2//macos/path_provider_macos.podspec"
  photo_manager:
    :path: "/Volumes/T5/FlutterProjects/flutter_photo_manager//macos/photo_manager.podspec"

SPEC CHECKSUMS:
  FlutterMacOS: d225dfc3bb9c0e8f83364ba05e7029358dc93fed
  path_provider_macos: 160cab0d5461f0c0e02995469a98f24bdb9a3f1f
  photo_manager: 84fa94fbeb82e607333ea9a13c43b58e0903a463

PODFILE CHECKSUM: 29369daec14455706c464e51b7b84f58f287700e

COCOAPODS: 1.10.2
