PODS:
  - FlutterMacOS (2.2.2)
  - path_provider_macos (0.0.1):
    - FlutterMacOS
  - photo_manager (0.0.1):
    - Flutter
    - FlutterMacOS

DEPENDENCIES:
  - path_provider_macos (from `/Users/caijinglong/.pub-cache/hosted/pub.flutter-io.cn/path_provider_macos-2.0.0//macos/path_provider_macos.podspec`)
  - photo_manager (from `/Users/caijinglong/code/flutter/plugin/flutter_photo_manager//macos/photo_manager.podspec`)

SPEC REPOS:
  trunk:
    - FlutterMacOS

EXTERNAL SOURCES:
  path_provider_macos:
    :path: "/Users/caijinglong/.pub-cache/hosted/pub.flutter-io.cn/path_provider_macos-2.0.0//macos/path_provider_macos.podspec"
  photo_manager:
    :path: "/Users/caijinglong/code/flutter/plugin/flutter_photo_manager//macos/photo_manager.podspec"

SPEC CHECKSUMS:
  FlutterMacOS: d225dfc3bb9c0e8f83364ba05e7029358dc93fed
  path_provider_macos: a0a3fd666cb7cd0448e936fb4abad4052961002b
  photo_manager: 61cdd6835af271b9ad1bb533fccf71d5db02fff3

PODFILE CHECKSUM: 29369daec14455706c464e51b7b84f58f287700e

COCOAPODS: 1.10.1
